
Microsoft Visual Studio Solution File, Format Version 12.00
# Visual Studio 14
VisualStudioVersion = 14.0.23107.0
MinimumVisualStudioVersion = 10.0.40219.1
Project("{FAE04EC0-301F-11D3-BF4B-00C04F79EFBC}") = "AddressBookApp", "AddressBookApp\AddressBookApp.csproj", "{31490822-E404-4D2D-8738-7EFE706C985D}"
EndProject
Project("{FAE04EC0-301F-11D3-BF4B-00C04F79EFBC}") = "AddressBookApp.Data", "AddressBookApp.Data\AddressBookApp.Data.csproj", "{7427CEFC-2DAF-4620-ADB1-28519CC57A9A}"
EndProject
Project("{FAE04EC0-301F-11D3-BF4B-00C04F79EFBC}") = "AddressBookApp.Common", "AddressBookApp.Common\AddressBookApp.Common.csproj", "{C06A7990-D90F-471B-A1A7-67BEEB247D5A}"
EndProject
Global
	GlobalSection(SolutionConfigurationPlatforms) = preSolution
		Debug|Any CPU = Debug|Any CPU
		Release|Any CPU = Release|Any CPU
	EndGlobalSection
	GlobalSection(ProjectConfigurationPlatforms) = postSolution
		{31490822-E404-4D2D-8738-7EFE706C985D}.Debug|Any CPU.ActiveCfg = Debug|Any CPU
		{31490822-E404-4D2D-8738-7EFE706C985D}.Debug|Any CPU.Build.0 = Debug|Any CPU
		{31490822-E404-4D2D-8738-7EFE706C985D}.Release|Any CPU.ActiveCfg = Release|Any CPU
		{31490822-E404-4D2D-8738-7EFE706C985D}.Release|Any CPU.Build.0 = Release|Any CPU
		{7427CEFC-2DAF-4620-ADB1-28519CC57A9A}.Debug|Any CPU.ActiveCfg = Debug|Any CPU
		{7427CEFC-2DAF-4620-ADB1-28519CC57A9A}.Debug|Any CPU.Build.0 = Debug|Any CPU
		{7427CEFC-2DAF-4620-ADB1-28519CC57A9A}.Release|Any CPU.ActiveCfg = Release|Any CPU
		{7427CEFC-2DAF-4620-ADB1-28519CC57A9A}.Release|Any CPU.Build.0 = Release|Any CPU
		{C06A7990-D90F-471B-A1A7-67BEEB247D5A}.Debug|Any CPU.ActiveCfg = Debug|Any CPU
		{C06A7990-D90F-471B-A1A7-67BEEB247D5A}.Debug|Any CPU.Build.0 = Debug|Any CPU
		{C06A7990-D90F-471B-A1A7-67BEEB247D5A}.Release|Any CPU.ActiveCfg = Release|Any CPU
		{C06A7990-D90F-471B-A1A7-67BEEB247D5A}.Release|Any CPU.Build.0 = Release|Any CPU
	EndGlobalSection
	GlobalSection(SolutionProperties) = preSolution
		HideSolutionNode = FALSE
	EndGlobalSection
EndGlobal
